{
  "version": 4,
  "terraform_version": "1.10.4",
  "serial": 9,
  "lineage": "5120195f-4d04-f571-80ff-29accfb2f75a",
  "outputs": {},
  "resources": [
    {
      "mode": "managed",
      "type": "libvirt_volume",
      "name": "vm_disk",
      "provider": "provider[\"registry.terraform.io/dmacvicar/libvirt\"]",
      "instances": [
        {
          "schema_version": 0,
          "attributes": {
            "base_volume_id": null,
            "base_volume_name": null,
            "base_volume_pool": null,
            "format": "qcow2",
            "id": "/var/lib/libvirt/images/vm-disk.qcow2",
            "name": "vm-disk.qcow2",
            "pool": "default",
            "size": 20480,
            "source": null,
            "xml": []
          },
          "sensitive_attributes": [],
          "private": "bnVsbA=="
        }
      ]
    }
  ],
  "check_results": null
}
